
Microsoft Visual Studio Solution File, Format Version 12.00
# Visual Studio Version 16
VisualStudioVersion = 16.0.30320.27
MinimumVisualStudioVersion = 10.0.40219.1
Project("{FAE04EC0-301F-11D3-BF4B-00C04F79EFBC}") = "查询高考录取分数线", "查询高考录取分数线\查询高考录取分数线.csproj", "{68F5D20F-54BD-4E5B-A09F-77E15EB9E7EC}"
EndProject
Global
	GlobalSection(SolutionConfigurationPlatforms) = preSolution
		Debug|Any CPU = Debug|Any CPU
		Release|Any CPU = Release|Any CPU
	EndGlobalSection
	GlobalSection(ProjectConfigurationPlatforms) = postSolution
		{68F5D20F-54BD-4E5B-A09F-77E15EB9E7EC}.Debug|Any CPU.ActiveCfg = Debug|Any CPU
		{68F5D20F-54BD-4E5B-A09F-77E15EB9E7EC}.Debug|Any CPU.Build.0 = Debug|Any CPU
		{68F5D20F-54BD-4E5B-A09F-77E15EB9E7EC}.Release|Any CPU.ActiveCfg = Release|Any CPU
		{68F5D20F-54BD-4E5B-A09F-77E15EB9E7EC}.Release|Any CPU.Build.0 = Release|Any CPU
	EndGlobalSection
	GlobalSection(SolutionProperties) = preSolution
		HideSolutionNode = FALSE
	EndGlobalSection
	GlobalSection(ExtensibilityGlobals) = postSolution
		SolutionGuid = {50A8FF8B-36FE-4D08-B44D-957C604E3D5E}
	EndGlobalSection
EndGlobal
